
Microsoft Visual Studio Solution File, Format Version 11.00
# Visual Studio 2010
Project("{2150E333-8FDC-42A3-9474-1A3956D46DE8}") = "COR", "COR", "{BA3364BE-AA90-434C-B7E5-96C63D225A83}"
EndProject
Project("{2150E333-8FDC-42A3-9474-1A3956D46DE8}") = "Strategy", "Strategy", "{B48115E9-7485-4A0E-83C5-8F584CF31F5E}"
EndProject
Project("{2150E333-8FDC-42A3-9474-1A3956D46DE8}") = "TemplateMethod", "TemplateMethod", "{180D2B73-1BA1-4CA3-A9AA-299D1B1C64BA}"
EndProject
Project("{2150E333-8FDC-42A3-9474-1A3956D46DE8}") = "Observer", "Observer", "{A1356325-98E0-46C0-86AB-C108F015AE5A}"
EndProject
Project("{2150E333-8FDC-42A3-9474-1A3956D46DE8}") = "Command", "Command", "{032A2FFE-F3A7-4BF0-BA9E-45797CF13853}"
EndProject
Project("{FAE04EC0-301F-11D3-BF4B-00C04F79EFBC}") = "Command", "Command\Command.csproj", "{A334AD7A-FF01-4E26-8F45-C9D81B57A41C}"
EndProject
Project("{FAE04EC0-301F-11D3-BF4B-00C04F79EFBC}") = "CoR", "CoR\CoR.csproj", "{7DF17462-2F86-4A56-A249-8273D6914D8E}"
EndProject
Project("{FAE04EC0-301F-11D3-BF4B-00C04F79EFBC}") = "Observer", "Observer\Observer.csproj", "{CC557A5E-271D-4ED1-9EA2-76A4916DB635}"
EndProject
Project("{FAE04EC0-301F-11D3-BF4B-00C04F79EFBC}") = "Strategy", "Strategy\Strategy.csproj", "{3FC1D656-2187-4E72-A97A-5B0E826AFEE5}"
EndProject
Project("{FAE04EC0-301F-11D3-BF4B-00C04F79EFBC}") = "TemplateMethod", "TemplateMethod\TemplateMethod.csproj", "{563BB3A1-2E2B-4ADE-8A24-5DF1AD7105BC}"
EndProject
Global
	GlobalSection(SolutionConfigurationPlatforms) = preSolution
		Debug|x86 = Debug|x86
		Release|x86 = Release|x86
	EndGlobalSection
	GlobalSection(ProjectConfigurationPlatforms) = postSolution
		{A334AD7A-FF01-4E26-8F45-C9D81B57A41C}.Debug|x86.ActiveCfg = Debug|x86
		{A334AD7A-FF01-4E26-8F45-C9D81B57A41C}.Debug|x86.Build.0 = Debug|x86
		{A334AD7A-FF01-4E26-8F45-C9D81B57A41C}.Release|x86.ActiveCfg = Release|x86
		{A334AD7A-FF01-4E26-8F45-C9D81B57A41C}.Release|x86.Build.0 = Release|x86
		{7DF17462-2F86-4A56-A249-8273D6914D8E}.Debug|x86.ActiveCfg = Debug|x86
		{7DF17462-2F86-4A56-A249-8273D6914D8E}.Debug|x86.Build.0 = Debug|x86
		{7DF17462-2F86-4A56-A249-8273D6914D8E}.Release|x86.ActiveCfg = Release|x86
		{7DF17462-2F86-4A56-A249-8273D6914D8E}.Release|x86.Build.0 = Release|x86
		{CC557A5E-271D-4ED1-9EA2-76A4916DB635}.Debug|x86.ActiveCfg = Debug|x86
		{CC557A5E-271D-4ED1-9EA2-76A4916DB635}.Debug|x86.Build.0 = Debug|x86
		{CC557A5E-271D-4ED1-9EA2-76A4916DB635}.Release|x86.ActiveCfg = Release|x86
		{CC557A5E-271D-4ED1-9EA2-76A4916DB635}.Release|x86.Build.0 = Release|x86
		{3FC1D656-2187-4E72-A97A-5B0E826AFEE5}.Debug|x86.ActiveCfg = Debug|x86
		{3FC1D656-2187-4E72-A97A-5B0E826AFEE5}.Debug|x86.Build.0 = Debug|x86
		{3FC1D656-2187-4E72-A97A-5B0E826AFEE5}.Release|x86.ActiveCfg = Release|x86
		{3FC1D656-2187-4E72-A97A-5B0E826AFEE5}.Release|x86.Build.0 = Release|x86
		{563BB3A1-2E2B-4ADE-8A24-5DF1AD7105BC}.Debug|x86.ActiveCfg = Debug|x86
		{563BB3A1-2E2B-4ADE-8A24-5DF1AD7105BC}.Debug|x86.Build.0 = Debug|x86
		{563BB3A1-2E2B-4ADE-8A24-5DF1AD7105BC}.Release|x86.ActiveCfg = Release|x86
		{563BB3A1-2E2B-4ADE-8A24-5DF1AD7105BC}.Release|x86.Build.0 = Release|x86
	EndGlobalSection
	GlobalSection(SolutionProperties) = preSolution
		HideSolutionNode = FALSE
	EndGlobalSection
	GlobalSection(NestedProjects) = preSolution
		{7DF17462-2F86-4A56-A249-8273D6914D8E} = {BA3364BE-AA90-434C-B7E5-96C63D225A83}
		{3FC1D656-2187-4E72-A97A-5B0E826AFEE5} = {B48115E9-7485-4A0E-83C5-8F584CF31F5E}
		{563BB3A1-2E2B-4ADE-8A24-5DF1AD7105BC} = {180D2B73-1BA1-4CA3-A9AA-299D1B1C64BA}
		{CC557A5E-271D-4ED1-9EA2-76A4916DB635} = {A1356325-98E0-46C0-86AB-C108F015AE5A}
		{A334AD7A-FF01-4E26-8F45-C9D81B57A41C} = {032A2FFE-F3A7-4BF0-BA9E-45797CF13853}
	EndGlobalSection
EndGlobal
